// !$*UTF8*$!
{
	archiveVersion = 1;
	classes = {
	};
	objectVersion = 46;
	objects = {

/* Begin PBXBuildFile section */
		183770B417260C6D00CC24E9 /* UIKit.framework in Frameworks */ = {isa = PBXBuildFile; fileRef = 183770B317260C6D00CC24E9 /* UIKit.framework */; };
		183770B617260C6D00CC24E9 /* Foundation.framework in Frameworks */ = {isa = PBXBuildFile; fileRef = 183770B517260C6D00CC24E9 /* Foundation.framework */; };
		183770B817260C6D00CC24E9 /* CoreGraphics.framework in Frameworks */ = {isa = PBXBuildFile; fileRef = 183770B717260C6D00CC24E9 /* CoreGraphics.framework */; };
		183770BE17260C6D00CC24E9 /* InfoPlist.strings in Resources */ = {isa = PBXBuildFile; fileRef = 183770BC17260C6D00CC24E9 /* InfoPlist.strings */; };
		183770C017260C6D00CC24E9 /* main.m in Sources */ = {isa = PBXBuildFile; fileRef = 183770BF17260C6D00CC24E9 /* main.m */; };
		183770C417260C6D00CC24E9 /* teste_PixelColorsAppDelegate.m in Sources */ = {isa = PBXBuildFile; fileRef = 183770C317260C6D00CC24E9 /* teste_PixelColorsAppDelegate.m */; };
		183770C617260C6D00CC24E9 /* Default.png in Resources */ = {isa = PBXBuildFile; fileRef = 183770C517260C6D00CC24E9 /* Default.png */; };
		183770C817260C6D00CC24E9 /* Default@2x.png in Resources */ = {isa = PBXBuildFile; fileRef = 183770C717260C6D00CC24E9 /* Default@2x.png */; };
		183770CA17260C6D00CC24E9 /* Default-568h@2x.png in Resources */ = {isa = PBXBuildFile; fileRef = 183770C917260C6D00CC24E9 /* Default-568h@2x.png */; };
		183770CD17260C6D00CC24E9 /* MainStoryboard.storyboard in Resources */ = {isa = PBXBuildFile; fileRef = 183770CB17260C6D00CC24E9 /* MainStoryboard.storyboard */; };
		183770D017260C6D00CC24E9 /* teste_PixelColorsViewController.m in Sources */ = {isa = PBXBuildFile; fileRef = 183770CF17260C6D00CC24E9 /* teste_PixelColorsViewController.m */; };
		183770DD17260C9800CC24E9 /* HVCustomizedViews.m in Sources */ = {isa = PBXBuildFile; fileRef = 183770D817260C9800CC24E9 /* HVCustomizedViews.m */; };
		183770DE17260C9800CC24E9 /* HVGeometry.m in Sources */ = {isa = PBXBuildFile; fileRef = 183770DA17260C9800CC24E9 /* HVGeometry.m */; };
		183770DF17260C9800CC24E9 /* HVUtils.m in Sources */ = {isa = PBXBuildFile; fileRef = 183770DC17260C9800CC24E9 /* HVUtils.m */; };
		183770E1172611D100CC24E9 /* imagem_teste.png in Resources */ = {isa = PBXBuildFile; fileRef = 183770E0172611D100CC24E9 /* imagem_teste.png */; };
/* End PBXBuildFile section */

/* Begin PBXFileReference section */
		183770B017260C6D00CC24E9 /* teste_PixelColors.app */ = {isa = PBXFileReference; explicitFileType = wrapper.application; includeInIndex = 0; path = teste_PixelColors.app; sourceTree = BUILT_PRODUCTS_DIR; };
		183770B317260C6D00CC24E9 /* UIKit.framework */ = {isa = PBXFileReference; lastKnownFileType = wrapper.framework; name = UIKit.framework; path = System/Library/Frameworks/UIKit.framework; sourceTree = SDKROOT; };
		183770B517260C6D00CC24E9 /* Foundation.framework */ = {isa = PBXFileReference; lastKnownFileType = wrapper.framework; name = Foundation.framework; path = System/Library/Frameworks/Foundation.framework; sourceTree = SDKROOT; };
		183770B717260C6D00CC24E9 /* CoreGraphics.framework */ = {isa = PBXFileReference; lastKnownFileType = wrapper.framework; name = CoreGraphics.framework; path = System/Library/Frameworks/CoreGraphics.framework; sourceTree = SDKROOT; };
		183770BB17260C6D00CC24E9 /* teste_PixelColors-Info.plist */ = {isa = PBXFileReference; lastKnownFileType = text.plist.xml; path = "teste_PixelColors-Info.plist"; sourceTree = "<group>"; };
		183770BD17260C6D00CC24E9 /* en */ = {isa = PBXFileReference; lastKnownFileType = text.plist.strings; name = en; path = en.lproj/InfoPlist.strings; sourceTree = "<group>"; };
		183770BF17260C6D00CC24E9 /* main.m */ = {isa = PBXFileReference; lastKnownFileType = sourcecode.c.objc; path = main.m; sourceTree = "<group>"; };
		183770C117260C6D00CC24E9 /* teste_PixelColors-Prefix.pch */ = {isa = PBXFileReference; lastKnownFileType = sourcecode.c.h; path = "teste_PixelColors-Prefix.pch"; sourceTree = "<group>"; };
		183770C217260C6D00CC24E9 /* teste_PixelColorsAppDelegate.h */ = {isa = PBXFileReference; lastKnownFileType = sourcecode.c.h; path = teste_PixelColorsAppDelegate.h; sourceTree = "<group>"; };
		183770C317260C6D00CC24E9 /* teste_PixelColorsAppDelegate.m */ = {isa = PBXFileReference; lastKnownFileType = sourcecode.c.objc; path = teste_PixelColorsAppDelegate.m; sourceTree = "<group>"; };
		183770C517260C6D00CC24E9 /* Default.png */ = {isa = PBXFileReference; lastKnownFileType = image.png; path = Default.png; sourceTree = "<group>"; };
		183770C717260C6D00CC24E9 /* Default@2x.png */ = {isa = PBXFileReference; lastKnownFileType = image.png; path = "Default@2x.png"; sourceTree = "<group>"; };
		183770C917260C6D00CC24E9 /* Default-568h@2x.png */ = {isa = PBXFileReference; lastKnownFileType = image.png; path = "Default-568h@2x.png"; sourceTree = "<group>"; };
		183770CC17260C6D00CC24E9 /* en */ = {isa = PBXFileReference; lastKnownFileType = file.storyboard; name = en; path = en.lproj/MainStoryboard.storyboard; sourceTree = "<group>"; };
		183770CE17260C6D00CC24E9 /* teste_PixelColorsViewController.h */ = {isa = PBXFileReference; lastKnownFileType = sourcecode.c.h; path = teste_PixelColorsViewController.h; sourceTree = "<group>"; };
		183770CF17260C6D00CC24E9 /* teste_PixelColorsViewController.m */ = {isa = PBXFileReference; lastKnownFileType = sourcecode.c.objc; path = teste_PixelColorsViewController.m; sourceTree = "<group>"; };
		183770D717260C9800CC24E9 /* HVCustomizedViews.h */ = {isa = PBXFileReference; fileEncoding = 4; lastKnownFileType = sourcecode.c.h; path = HVCustomizedViews.h; sourceTree = "<group>"; };
		183770D817260C9800CC24E9 /* HVCustomizedViews.m */ = {isa = PBXFileReference; fileEncoding = 4; lastKnownFileType = sourcecode.c.objc; path = HVCustomizedViews.m; sourceTree = "<group>"; };
		183770D917260C9800CC24E9 /* HVGeometry.h */ = {isa = PBXFileReference; fileEncoding = 4; lastKnownFileType = sourcecode.c.h; path = HVGeometry.h; sourceTree = "<group>"; };
		183770DA17260C9800CC24E9 /* HVGeometry.m */ = {isa = PBXFileReference; fileEncoding = 4; lastKnownFileType = sourcecode.c.objc; path = HVGeometry.m; sourceTree = "<group>"; };
		183770DB17260C9800CC24E9 /* HVUtils.h */ = {isa = PBXFileReference; fileEncoding = 4; lastKnownFileType = sourcecode.c.h; path = HVUtils.h; sourceTree = "<group>"; };
		183770DC17260C9800CC24E9 /* HVUtils.m */ = {isa = PBXFileReference; fileEncoding = 4; lastKnownFileType = sourcecode.c.objc; path = HVUtils.m; sourceTree = "<group>"; };
		183770E0172611D100CC24E9 /* imagem_teste.png */ = {isa = PBXFileReference; lastKnownFileType = image.png; path = imagem_teste.png; sourceTree = "<group>"; };
/* End PBXFileReference section */

/* Begin PBXFrameworksBuildPhase section */
		183770AD17260C6D00CC24E9 /* Frameworks */ = {
			isa = PBXFrameworksBuildPhase;
			buildActionMask = 2147483647;
			files = (
				183770B417260C6D00CC24E9 /* UIKit.framework in Frameworks */,
				183770B617260C6D00CC24E9 /* Foundation.framework in Frameworks */,
				183770B817260C6D00CC24E9 /* CoreGraphics.framework in Frameworks */,
			);
			runOnlyForDeploymentPostprocessing = 0;
		};
/* End PBXFrameworksBuildPhase section */

/* Begin PBXGroup section */
		183770A717260C6D00CC24E9 = {
			isa = PBXGroup;
			children = (
				183770D617260C9800CC24E9 /* HVCommon */,
				183770B917260C6D00CC24E9 /* teste_PixelColors */,
				183770B217260C6D00CC24E9 /* Frameworks */,
				183770B117260C6D00CC24E9 /* Products */,
			);
			sourceTree = "<group>";
		};
		183770B117260C6D00CC24E9 /* Products */ = {
			isa = PBXGroup;
			children = (
				183770B017260C6D00CC24E9 /* teste_PixelColors.app */,
			);
			name = Products;
			sourceTree = "<group>";
		};
		183770B217260C6D00CC24E9 /* Frameworks */ = {
			isa = PBXGroup;
			children = (
				183770B317260C6D00CC24E9 /* UIKit.framework */,
				183770B517260C6D00CC24E9 /* Foundation.framework */,
				183770B717260C6D00CC24E9 /* CoreGraphics.framework */,
			);
			name = Frameworks;
			sourceTree = "<group>";
		};
		183770B917260C6D00CC24E9 /* teste_PixelColors */ = {
			isa = PBXGroup;
			children = (
				183770E0172611D100CC24E9 /* imagem_teste.png */,
				183770C217260C6D00CC24E9 /* teste_PixelColorsAppDelegate.h */,
				183770C317260C6D00CC24E9 /* teste_PixelColorsAppDelegate.m */,
				183770CB17260C6D00CC24E9 /* MainStoryboard.storyboard */,
				183770CE17260C6D00CC24E9 /* teste_PixelColorsViewController.h */,
				183770CF17260C6D00CC24E9 /* teste_PixelColorsViewController.m */,
				183770BA17260C6D00CC24E9 /* Supporting Files */,
			);
			path = teste_PixelColors;
			sourceTree = "<group>";
		};
		183770BA17260C6D00CC24E9 /* Supporting Files */ = {
			isa = PBXGroup;
			children = (
				183770BB17260C6D00CC24E9 /* teste_PixelColors-Info.plist */,
				183770BC17260C6D00CC24E9 /* InfoPlist.strings */,
				183770BF17260C6D00CC24E9 /* main.m */,
				183770C117260C6D00CC24E9 /* teste_PixelColors-Prefix.pch */,
				183770C517260C6D00CC24E9 /* Default.png */,
				183770C717260C6D00CC24E9 /* Default@2x.png */,
				183770C917260C6D00CC24E9 /* Default-568h@2x.png */,
			);
			name = "Supporting Files";
			sourceTree = "<group>";
		};
		183770D617260C9800CC24E9 /* HVCommon */ = {
			isa = PBXGroup;
			children = (
				183770D717260C9800CC24E9 /* HVCustomizedViews.h */,
				183770D817260C9800CC24E9 /* HVCustomizedViews.m */,
				183770D917260C9800CC24E9 /* HVGeometry.h */,
				183770DA17260C9800CC24E9 /* HVGeometry.m */,
				183770DB17260C9800CC24E9 /* HVUtils.h */,
				183770DC17260C9800CC24E9 /* HVUtils.m */,
			);
			name = HVCommon;
			path = ../../HVCommon;
			sourceTree = "<group>";
		};
/* End PBXGroup section */

/* Begin PBXNativeTarget section */
		183770AF17260C6D00CC24E9 /* teste_PixelColors */ = {
			isa = PBXNativeTarget;
			buildConfigurationList = 183770D317260C6D00CC24E9 /* Build configuration list for PBXNativeTarget "teste_PixelColors" */;
			buildPhases = (
				183770AC17260C6D00CC24E9 /* Sources */,
				183770AD17260C6D00CC24E9 /* Frameworks */,
				183770AE17260C6D00CC24E9 /* Resources */,
			);
			buildRules = (
			);
			dependencies = (
			);
			name = teste_PixelColors;
			productName = teste_PixelColors;
			productReference = 183770B017260C6D00CC24E9 /* teste_PixelColors.app */;
			productType = "com.apple.product-type.application";
		};
/* End PBXNativeTarget section */

/* Begin PBXProject section */
		183770A817260C6D00CC24E9 /* Project object */ = {
			isa = PBXProject;
			attributes = {
				CLASSPREFIX = teste_PixelColors;
				LastUpgradeCheck = 0460;
				ORGANIZATIONNAME = HandVerse;
			};
			buildConfigurationList = 183770AB17260C6D00CC24E9 /* Build configuration list for PBXProject "teste_PixelColors" */;
			compatibilityVersion = "Xcode 3.2";
			developmentRegion = English;
			hasScannedForEncodings = 0;
			knownRegions = (
				en,
			);
			mainGroup = 183770A717260C6D00CC24E9;
			productRefGroup = 183770B117260C6D00CC24E9 /* Products */;
			projectDirPath = "";
			projectRoot = "";
			targets = (
				183770AF17260C6D00CC24E9 /* teste_PixelColors */,
			);
		};
/* End PBXProject section */

/* Begin PBXResourcesBuildPhase section */
		183770AE17260C6D00CC24E9 /* Resources */ = {
			isa = PBXResourcesBuildPhase;
			buildActionMask = 2147483647;
			files = (
				183770BE17260C6D00CC24E9 /* InfoPlist.strings in Resources */,
				183770C617260C6D00CC24E9 /* Default.png in Resources */,
				183770C817260C6D00CC24E9 /* Default@2x.png in Resources */,
				183770CA17260C6D00CC24E9 /* Default-568h@2x.png in Resources */,
				183770CD17260C6D00CC24E9 /* MainStoryboard.storyboard in Resources */,
				183770E1172611D100CC24E9 /* imagem_teste.png in Resources */,
			);
			runOnlyForDeploymentPostprocessing = 0;
		};
/* End PBXResourcesBuildPhase section */

/* Begin PBXSourcesBuildPhase section */
		183770AC17260C6D00CC24E9 /* Sources */ = {
			isa = PBXSourcesBuildPhase;
			buildActionMask = 2147483647;
			files = (
				183770C017260C6D00CC24E9 /* main.m in Sources */,
				183770C417260C6D00CC24E9 /* teste_PixelColorsAppDelegate.m in Sources */,
				183770D017260C6D00CC24E9 /* teste_PixelColorsViewController.m in Sources */,
				183770DD17260C9800CC24E9 /* HVCustomizedViews.m in Sources */,
				183770DE17260C9800CC24E9 /* HVGeometry.m in Sources */,
				183770DF17260C9800CC24E9 /* HVUtils.m in Sources */,
			);
			runOnlyForDeploymentPostprocessing = 0;
		};
/* End PBXSourcesBuildPhase section */

/* Begin PBXVariantGroup section */
		183770BC17260C6D00CC24E9 /* InfoPlist.strings */ = {
			isa = PBXVariantGroup;
			children = (
				183770BD17260C6D00CC24E9 /* en */,
			);
			name = InfoPlist.strings;
			sourceTree = "<group>";
		};
		183770CB17260C6D00CC24E9 /* MainStoryboard.storyboard */ = {
			isa = PBXVariantGroup;
			children = (
				183770CC17260C6D00CC24E9 /* en */,
			);
			name = MainStoryboard.storyboard;
			sourceTree = "<group>";
		};
/* End PBXVariantGroup section */

/* Begin XCBuildConfiguration section */
		183770D117260C6D00CC24E9 /* Debug */ = {
			isa = XCBuildConfiguration;
			buildSettings = {
				ALWAYS_SEARCH_USER_PATHS = NO;
				CLANG_CXX_LANGUAGE_STANDARD = "gnu++0x";
				CLANG_CXX_LIBRARY = "libc++";
				CLANG_ENABLE_OBJC_ARC = YES;
				CLANG_WARN_CONSTANT_CONVERSION = YES;
				CLANG_WARN_EMPTY_BODY = YES;
				CLANG_WARN_ENUM_CONVERSION = YES;
				CLANG_WARN_INT_CONVERSION = YES;
				CLANG_WARN__DUPLICATE_METHOD_MATCH = YES;
				"CODE_SIGN_IDENTITY[sdk=iphoneos*]" = "iPhone Developer";
				COPY_PHASE_STRIP = NO;
				GCC_C_LANGUAGE_STANDARD = gnu99;
				GCC_DYNAMIC_NO_PIC = NO;
				GCC_OPTIMIZATION_LEVEL = 0;
				GCC_PREPROCESSOR_DEFINITIONS = (
					"DEBUG=1",
					"$(inherited)",
				);
				GCC_SYMBOLS_PRIVATE_EXTERN = NO;
				GCC_WARN_ABOUT_RETURN_TYPE = YES;
				GCC_WARN_UNINITIALIZED_AUTOS = YES;
				GCC_WARN_UNUSED_VARIABLE = YES;
				IPHONEOS_DEPLOYMENT_TARGET = 6.1;
				ONLY_ACTIVE_ARCH = YES;
				SDKROOT = iphoneos;
				TARGETED_DEVICE_FAMILY = 2;
			};
			name = Debug;
		};
		183770D217260C6D00CC24E9 /* Release */ = {
			isa = XCBuildConfiguration;
			buildSettings = {
				ALWAYS_SEARCH_USER_PATHS = NO;
				CLANG_CXX_LANGUAGE_STANDARD = "gnu++0x";
				CLANG_CXX_LIBRARY = "libc++";
				CLANG_ENABLE_OBJC_ARC = YES;
				CLANG_WARN_CONSTANT_CONVERSION = YES;
				CLANG_WARN_EMPTY_BODY = YES;
				CLANG_WARN_ENUM_CONVERSION = YES;
				CLANG_WARN_INT_CONVERSION = YES;
				CLANG_WARN__DUPLICATE_METHOD_MATCH = YES;
				"CODE_SIGN_IDENTITY[sdk=iphoneos*]" = "iPhone Developer";
				COPY_PHASE_STRIP = YES;
				GCC_C_LANGUAGE_STANDARD = gnu99;
				GCC_WARN_ABOUT_RETURN_TYPE = YES;
				GCC_WARN_UNINITIALIZED_AUTOS = YES;
				GCC_WARN_UNUSED_VARIABLE = YES;
				IPHONEOS_DEPLOYMENT_TARGET = 6.1;
				OTHER_CFLAGS = "-DNS_BLOCK_ASSERTIONS=1";
				SDKROOT = iphoneos;
				TARGETED_DEVICE_FAMILY = 2;
				VALIDATE_PRODUCT = YES;
			};
			name = Release;
		};
		183770D417260C6D00CC24E9 /* Debug */ = {
			isa = XCBuildConfiguration;
			buildSettings = {
				GCC_PRECOMPILE_PREFIX_HEADER = YES;
				GCC_PREFIX_HEADER = "teste_PixelColors/teste_PixelColors-Prefix.pch";
				INFOPLIST_FILE = "teste_PixelColors/teste_PixelColors-Info.plist";
				PRODUCT_NAME = "$(TARGET_NAME)";
				WRAPPER_EXTENSION = app;
			};
			name = Debug;
		};
		183770D517260C6D00CC24E9 /* Release */ = {
			isa = XCBuildConfiguration;
			buildSettings = {
				GCC_PRECOMPILE_PREFIX_HEADER = YES;
				GCC_PREFIX_HEADER = "teste_PixelColors/teste_PixelColors-Prefix.pch";
				INFOPLIST_FILE = "teste_PixelColors/teste_PixelColors-Info.plist";
				PRODUCT_NAME = "$(TARGET_NAME)";
				WRAPPER_EXTENSION = app;
			};
			name = Release;
		};
/* End XCBuildConfiguration section */

/* Begin XCConfigurationList section */
		183770AB17260C6D00CC24E9 /* Build configuration list for PBXProject "teste_PixelColors" */ = {
			isa = XCConfigurationList;
			buildConfigurations = (
				183770D117260C6D00CC24E9 /* Debug */,
				183770D217260C6D00CC24E9 /* Release */,
			);
			defaultConfigurationIsVisible = 0;
			defaultConfigurationName = Release;
		};
		183770D317260C6D00CC24E9 /* Build configuration list for PBXNativeTarget "teste_PixelColors" */ = {
			isa = XCConfigurationList;
			buildConfigurations = (
				183770D417260C6D00CC24E9 /* Debug */,
				183770D517260C6D00CC24E9 /* Release */,
			);
			defaultConfigurationIsVisible = 0;
		};
/* End XCConfigurationList section */
	};
	rootObject = 183770A817260C6D00CC24E9 /* Project object */;
}
